// !$*UTF8*$!
{
	archiveVersion = 1;
	classes = {
	};
	objectVersion = 48;
	objects = {

/* Begin PBXBuildFile section */
		D08145CB1FD90CCB00A6234C /* AppDelegate.swift in Sources */ = {isa = PBXBuildFile; fileRef = D08145CA1FD90CCB00A6234C /* AppDelegate.swift */; };
		D08145CD1FD90CCB00A6234C /* GoalVC.swift in Sources */ = {isa = PBXBuildFile; fileRef = D08145CC1FD90CCB00A6234C /* GoalVC.swift */; };
		D08145D01FD90CCB00A6234C /* Main.storyboard in Resources */ = {isa = PBXBuildFile; fileRef = D08145CE1FD90CCB00A6234C /* Main.storyboard */; };
		D08145D31FD90CCB00A6234C /* GoalPost.xcdatamodeld in Sources */ = {isa = PBXBuildFile; fileRef = D08145D11FD90CCB00A6234C /* GoalPost.xcdatamodeld */; };
		D08145D51FD90CCB00A6234C /* Assets.xcassets in Resources */ = {isa = PBXBuildFile; fileRef = D08145D41FD90CCB00A6234C /* Assets.xcassets */; };
		D08145D81FD90CCB00A6234C /* LaunchScreen.storyboard in Resources */ = {isa = PBXBuildFile; fileRef = D08145D61FD90CCB00A6234C /* LaunchScreen.storyboard */; };
		D08145E41FD921E500A6234C /* GoalCell.swift in Sources */ = {isa = PBXBuildFile; fileRef = D08145E31FD921E500A6234C /* GoalCell.swift */; };
/* End PBXBuildFile section */

/* Begin PBXFileReference section */
		D08145C71FD90CCB00A6234C /* GoalPost.app */ = {isa = PBXFileReference; explicitFileType = wrapper.application; includeInIndex = 0; path = GoalPost.app; sourceTree = BUILT_PRODUCTS_DIR; };
		D08145CA1FD90CCB00A6234C /* AppDelegate.swift */ = {isa = PBXFileReference; lastKnownFileType = sourcecode.swift; path = AppDelegate.swift; sourceTree = "<group>"; };
		D08145CC1FD90CCB00A6234C /* GoalVC.swift */ = {isa = PBXFileReference; lastKnownFileType = sourcecode.swift; path = GoalVC.swift; sourceTree = "<group>"; };
		D08145CF1FD90CCB00A6234C /* Base */ = {isa = PBXFileReference; lastKnownFileType = file.storyboard; name = Base; path = Base.lproj/Main.storyboard; sourceTree = "<group>"; };
		D08145D21FD90CCB00A6234C /* GoalPost.xcdatamodel */ = {isa = PBXFileReference; lastKnownFileType = wrapper.xcdatamodel; path = GoalPost.xcdatamodel; sourceTree = "<group>"; };
		D08145D41FD90CCB00A6234C /* Assets.xcassets */ = {isa = PBXFileReference; lastKnownFileType = folder.assetcatalog; path = Assets.xcassets; sourceTree = "<group>"; };
		D08145D71FD90CCB00A6234C /* Base */ = {isa = PBXFileReference; lastKnownFileType = file.storyboard; name = Base; path = Base.lproj/LaunchScreen.storyboard; sourceTree = "<group>"; };
		D08145D91FD90CCB00A6234C /* Info.plist */ = {isa = PBXFileReference; lastKnownFileType = text.plist.xml; path = Info.plist; sourceTree = "<group>"; };
		D08145E31FD921E500A6234C /* GoalCell.swift */ = {isa = PBXFileReference; lastKnownFileType = sourcecode.swift; path = GoalCell.swift; sourceTree = "<group>"; };
/* End PBXFileReference section */

/* Begin PBXFrameworksBuildPhase section */
		D08145C41FD90CCB00A6234C /* Frameworks */ = {
			isa = PBXFrameworksBuildPhase;
			buildActionMask = 2147483647;
			files = (
			);
			runOnlyForDeploymentPostprocessing = 0;
		};
/* End PBXFrameworksBuildPhase section */

/* Begin PBXGroup section */
		D08145BE1FD90CCB00A6234C = {
			isa = PBXGroup;
			children = (
				D08145C91FD90CCB00A6234C /* GoalPost */,
				D08145C81FD90CCB00A6234C /* Products */,
			);
			sourceTree = "<group>";
		};
		D08145C81FD90CCB00A6234C /* Products */ = {
			isa = PBXGroup;
			children = (
				D08145C71FD90CCB00A6234C /* GoalPost.app */,
			);
			name = Products;
			sourceTree = "<group>";
		};
		D08145C91FD90CCB00A6234C /* GoalPost */ = {
			isa = PBXGroup;
			children = (
				D08145E21FD9141200A6234C /* Enums */,
				D08145E11FD913FE00A6234C /* Extensions */,
				D08145E01FD913F700A6234C /* View */,
				D08145DF1FD913EB00A6234C /* Controller */,
				D08145CA1FD90CCB00A6234C /* AppDelegate.swift */,
				D08145CE1FD90CCB00A6234C /* Main.storyboard */,
				D08145D41FD90CCB00A6234C /* Assets.xcassets */,
				D08145D61FD90CCB00A6234C /* LaunchScreen.storyboard */,
				D08145D91FD90CCB00A6234C /* Info.plist */,
				D08145D11FD90CCB00A6234C /* GoalPost.xcdatamodeld */,
			);
			path = GoalPost;
			sourceTree = "<group>";
		};
		D08145DF1FD913EB00A6234C /* Controller */ = {
			isa = PBXGroup;
			children = (
				D08145CC1FD90CCB00A6234C /* GoalVC.swift */,
			);
			path = Controller;
			sourceTree = "<group>";
		};
		D08145E01FD913F700A6234C /* View */ = {
			isa = PBXGroup;
			children = (
				D08145E31FD921E500A6234C /* GoalCell.swift */,
			);
			path = View;
			sourceTree = "<group>";
		};
		D08145E11FD913FE00A6234C /* Extensions */ = {
			isa = PBXGroup;
			children = (
			);
			path = Extensions;
			sourceTree = "<group>";
		};
		D08145E21FD9141200A6234C /* Enums */ = {
			isa = PBXGroup;
			children = (
			);
			path = Enums;
			sourceTree = "<group>";
		};
/* End PBXGroup section */

/* Begin PBXNativeTarget section */
		D08145C61FD90CCB00A6234C /* GoalPost */ = {
			isa = PBXNativeTarget;
			buildConfigurationList = D08145DC1FD90CCB00A6234C /* Build configuration list for PBXNativeTarget "GoalPost" */;
			buildPhases = (
				D08145C31FD90CCB00A6234C /* Sources */,
				D08145C41FD90CCB00A6234C /* Frameworks */,
				D08145C51FD90CCB00A6234C /* Resources */,
			);
			buildRules = (
			);
			dependencies = (
			);
			name = GoalPost;
			productName = GoalPost;
			productReference = D08145C71FD90CCB00A6234C /* GoalPost.app */;
			productType = "com.apple.product-type.application";
		};
/* End PBXNativeTarget section */

/* Begin PBXProject section */
		D08145BF1FD90CCB00A6234C /* Project object */ = {
			isa = PBXProject;
			attributes = {
				LastSwiftUpdateCheck = 0910;
				LastUpgradeCheck = 0910;
				ORGANIZATIONNAME = "Sadman Sakib Saumik";
				TargetAttributes = {
					D08145C61FD90CCB00A6234C = {
						CreatedOnToolsVersion = 9.1;
						ProvisioningStyle = Automatic;
					};
				};
			};
			buildConfigurationList = D08145C21FD90CCB00A6234C /* Build configuration list for PBXProject "GoalPost" */;
			compatibilityVersion = "Xcode 8.0";
			developmentRegion = en;
			hasScannedForEncodings = 0;
			knownRegions = (
				en,
				Base,
			);
			mainGroup = D08145BE1FD90CCB00A6234C;
			productRefGroup = D08145C81FD90CCB00A6234C /* Products */;
			projectDirPath = "";
			projectRoot = "";
			targets = (
				D08145C61FD90CCB00A6234C /* GoalPost */,
			);
		};
/* End PBXProject section */

/* Begin PBXResourcesBuildPhase section */
		D08145C51FD90CCB00A6234C /* Resources */ = {
			isa = PBXResourcesBuildPhase;
			buildActionMask = 2147483647;
			files = (
				D08145D81FD90CCB00A6234C /* LaunchScreen.storyboard in Resources */,
				D08145D51FD90CCB00A6234C /* Assets.xcassets in Resources */,
				D08145D01FD90CCB00A6234C /* Main.storyboard in Resources */,
			);
			runOnlyForDeploymentPostprocessing = 0;
		};
/* End PBXResourcesBuildPhase section */

/* Begin PBXSourcesBuildPhase section */
		D08145C31FD90CCB00A6234C /* Sources */ = {
			isa = PBXSourcesBuildPhase;
			buildActionMask = 2147483647;
			files = (
				D08145E41FD921E500A6234C /* GoalCell.swift in Sources */,
				D08145CD1FD90CCB00A6234C /* GoalVC.swift in Sources */,
				D08145CB1FD90CCB00A6234C /* AppDelegate.swift in Sources */,
				D08145D31FD90CCB00A6234C /* GoalPost.xcdatamodeld in Sources */,
			);
			runOnlyForDeploymentPostprocessing = 0;
		};
/* End PBXSourcesBuildPhase section */

/* Begin PBXVariantGroup section */
		D08145CE1FD90CCB00A6234C /* Main.storyboard */ = {
			isa = PBXVariantGroup;
			children = (
				D08145CF1FD90CCB00A6234C /* Base */,
			);
			name = Main.storyboard;
			sourceTree = "<group>";
		};
		D08145D61FD90CCB00A6234C /* LaunchScreen.storyboard */ = {
			isa = PBXVariantGroup;
			children = (
				D08145D71FD90CCB00A6234C /* Base */,
			);
			name = LaunchScreen.storyboard;
			sourceTree = "<group>";
		};
/* End PBXVariantGroup section */

/* Begin XCBuildConfiguration section */
		D08145DA1FD90CCB00A6234C /* Debug */ = {
			isa = XCBuildConfiguration;
			buildSettings = {
				ALWAYS_SEARCH_USER_PATHS = NO;
				CLANG_ANALYZER_NONNULL = YES;
				CLANG_ANALYZER_NUMBER_OBJECT_CONVERSION = YES_AGGRESSIVE;
				CLANG_CXX_LANGUAGE_STANDARD = "gnu++14";
				CLANG_CXX_LIBRARY = "libc++";
				CLANG_ENABLE_MODULES = YES;
				CLANG_ENABLE_OBJC_ARC = YES;
				CLANG_WARN_BLOCK_CAPTURE_AUTORELEASING = YES;
				CLANG_WARN_BOOL_CONVERSION = YES;
				CLANG_WARN_COMMA = YES;
				CLANG_WARN_CONSTANT_CONVERSION = YES;
				CLANG_WARN_DIRECT_OBJC_ISA_USAGE = YES_ERROR;
				CLANG_WARN_DOCUMENTATION_COMMENTS = YES;
				CLANG_WARN_EMPTY_BODY = YES;
				CLANG_WARN_ENUM_CONVERSION = YES;
				CLANG_WARN_INFINITE_RECURSION = YES;
				CLANG_WARN_INT_CONVERSION = YES;
				CLANG_WARN_NON_LITERAL_NULL_CONVERSION = YES;
				CLANG_WARN_OBJC_LITERAL_CONVERSION = YES;
				CLANG_WARN_OBJC_ROOT_CLASS = YES_ERROR;
				CLANG_WARN_RANGE_LOOP_ANALYSIS = YES;
				CLANG_WARN_STRICT_PROTOTYPES = YES;
				CLANG_WARN_SUSPICIOUS_MOVE = YES;
				CLANG_WARN_UNGUARDED_AVAILABILITY = YES_AGGRESSIVE;
				CLANG_WARN_UNREACHABLE_CODE = YES;
				CLANG_WARN__DUPLICATE_METHOD_MATCH = YES;
				CODE_SIGN_IDENTITY = "iPhone Developer";
				COPY_PHASE_STRIP = NO;
				DEBUG_INFORMATION_FORMAT = dwarf;
				ENABLE_STRICT_OBJC_MSGSEND = YES;
				ENABLE_TESTABILITY = YES;
				GCC_C_LANGUAGE_STANDARD = gnu11;
				GCC_DYNAMIC_NO_PIC = NO;
				GCC_NO_COMMON_BLOCKS = YES;
				GCC_OPTIMIZATION_LEVEL = 0;
				GCC_PREPROCESSOR_DEFINITIONS = (
					"DEBUG=1",
					"$(inherited)",
				);
				GCC_WARN_64_TO_32_BIT_CONVERSION = YES;
				GCC_WARN_ABOUT_RETURN_TYPE = YES_ERROR;
				GCC_WARN_UNDECLARED_SELECTOR = YES;
				GCC_WARN_UNINITIALIZED_AUTOS = YES_AGGRESSIVE;
				GCC_WARN_UNUSED_FUNCTION = YES;
				GCC_WARN_UNUSED_VARIABLE = YES;
				IPHONEOS_DEPLOYMENT_TARGET = 11.1;
				MTL_ENABLE_DEBUG_INFO = YES;
				ONLY_ACTIVE_ARCH = YES;
				SDKROOT = iphoneos;
				SWIFT_ACTIVE_COMPILATION_CONDITIONS = DEBUG;
				SWIFT_OPTIMIZATION_LEVEL = "-Onone";
			};
			name = Debug;
		};
		D08145DB1FD90CCB00A6234C /* Release */ = {
			isa = XCBuildConfiguration;
			buildSettings = {
				ALWAYS_SEARCH_USER_PATHS = NO;
				CLANG_ANALYZER_NONNULL = YES;
				CLANG_ANALYZER_NUMBER_OBJECT_CONVERSION = YES_AGGRESSIVE;
				CLANG_CXX_LANGUAGE_STANDARD = "gnu++14";
				CLANG_CXX_LIBRARY = "libc++";
				CLANG_ENABLE_MODULES = YES;
				CLANG_ENABLE_OBJC_ARC = YES;
				CLANG_WARN_BLOCK_CAPTURE_AUTORELEASING = YES;
				CLANG_WARN_BOOL_CONVERSION = YES;
				CLANG_WARN_COMMA = YES;
				CLANG_WARN_CONSTANT_CONVERSION = YES;
				CLANG_WARN_DIRECT_OBJC_ISA_USAGE = YES_ERROR;
				CLANG_WARN_DOCUMENTATION_COMMENTS = YES;
				CLANG_WARN_EMPTY_BODY = YES;
				CLANG_WARN_ENUM_CONVERSION = YES;
				CLANG_WARN_INFINITE_RECURSION = YES;
				CLANG_WARN_INT_CONVERSION = YES;
				CLANG_WARN_NON_LITERAL_NULL_CONVERSION = YES;
				CLANG_WARN_OBJC_LITERAL_CONVERSION = YES;
				CLANG_WARN_OBJC_ROOT_CLASS = YES_ERROR;
				CLANG_WARN_RANGE_LOOP_ANALYSIS = YES;
				CLANG_WARN_STRICT_PROTOTYPES = YES;
				CLANG_WARN_SUSPICIOUS_MOVE = YES;
				CLANG_WARN_UNGUARDED_AVAILABILITY = YES_AGGRESSIVE;
				CLANG_WARN_UNREACHABLE_CODE = YES;
				CLANG_WARN__DUPLICATE_METHOD_MATCH = YES;
				CODE_SIGN_IDENTITY = "iPhone Developer";
				COPY_PHASE_STRIP = NO;
				DEBUG_INFORMATION_FORMAT = "dwarf-with-dsym";
				ENABLE_NS_ASSERTIONS = NO;
				ENABLE_STRICT_OBJC_MSGSEND = YES;
				GCC_C_LANGUAGE_STANDARD = gnu11;
				GCC_NO_COMMON_BLOCKS = YES;
				GCC_WARN_64_TO_32_BIT_CONVERSION = YES;
				GCC_WARN_ABOUT_RETURN_TYPE = YES_ERROR;
				GCC_WARN_UNDECLARED_SELECTOR = YES;
				GCC_WARN_UNINITIALIZED_AUTOS = YES_AGGRESSIVE;
				GCC_WARN_UNUSED_FUNCTION = YES;
				GCC_WARN_UNUSED_VARIABLE = YES;
				IPHONEOS_DEPLOYMENT_TARGET = 11.1;
				MTL_ENABLE_DEBUG_INFO = NO;
				SDKROOT = iphoneos;
				SWIFT_OPTIMIZATION_LEVEL = "-Owholemodule";
				VALIDATE_PRODUCT = YES;
			};
			name = Release;
		};
		D08145DD1FD90CCB00A6234C /* Debug */ = {
			isa = XCBuildConfiguration;
			buildSettings = {
				ASSETCATALOG_COMPILER_APPICON_NAME = AppIcon;
				CODE_SIGN_STYLE = Automatic;
				DEVELOPMENT_TEAM = CRUJ2775F4;
				INFOPLIST_FILE = GoalPost/Info.plist;
				LD_RUNPATH_SEARCH_PATHS = "$(inherited) @executable_path/Frameworks";
				PRODUCT_BUNDLE_IDENTIFIER = com.sadmansakibsaumik.goalpost.GoalPost;
				PRODUCT_NAME = "$(TARGET_NAME)";
				SWIFT_VERSION = 4.0;
				TARGETED_DEVICE_FAMILY = "1,2";
			};
			name = Debug;
		};
		D08145DE1FD90CCB00A6234C /* Release */ = {
			isa = XCBuildConfiguration;
			buildSettings = {
				ASSETCATALOG_COMPILER_APPICON_NAME = AppIcon;
				CODE_SIGN_STYLE = Automatic;
				DEVELOPMENT_TEAM = CRUJ2775F4;
				INFOPLIST_FILE = GoalPost/Info.plist;
				LD_RUNPATH_SEARCH_PATHS = "$(inherited) @executable_path/Frameworks";
				PRODUCT_BUNDLE_IDENTIFIER = com.sadmansakibsaumik.goalpost.GoalPost;
				PRODUCT_NAME = "$(TARGET_NAME)";
				SWIFT_VERSION = 4.0;
				TARGETED_DEVICE_FAMILY = "1,2";
			};
			name = Release;
		};
/* End XCBuildConfiguration section */

/* Begin XCConfigurationList section */
		D08145C21FD90CCB00A6234C /* Build configuration list for PBXProject "GoalPost" */ = {
			isa = XCConfigurationList;
			buildConfigurations = (
				D08145DA1FD90CCB00A6234C /* Debug */,
				D08145DB1FD90CCB00A6234C /* Release */,
			);
			defaultConfigurationIsVisible = 0;
			defaultConfigurationName = Release;
		};
		D08145DC1FD90CCB00A6234C /* Build configuration list for PBXNativeTarget "GoalPost" */ = {
			isa = XCConfigurationList;
			buildConfigurations = (
				D08145DD1FD90CCB00A6234C /* Debug */,
				D08145DE1FD90CCB00A6234C /* Release */,
			);
			defaultConfigurationIsVisible = 0;
			defaultConfigurationName = Release;
		};
/* End XCConfigurationList section */

/* Begin XCVersionGroup section */
		D08145D11FD90CCB00A6234C /* GoalPost.xcdatamodeld */ = {
			isa = XCVersionGroup;
			children = (
				D08145D21FD90CCB00A6234C /* GoalPost.xcdatamodel */,
			);
			currentVersion = D08145D21FD90CCB00A6234C /* GoalPost.xcdatamodel */;
			path = GoalPost.xcdatamodeld;
			sourceTree = "<group>";
			versionGroupType = wrapper.xcdatamodel;
		};
/* End XCVersionGroup section */
	};
	rootObject = D08145BF1FD90CCB00A6234C /* Project object */;
}
